// !$*UTF8*$!
{
	archiveVersion = 1;
	classes = {
	};
	objectVersion = 48;
	objects = {

/* Begin PBXBuildFile section */
		2CFE04CD1F79E02800184144 /* AppDelegate.swift in Sources */ = {isa = PBXBuildFile; fileRef = 2CFE04CC1F79E02800184144 /* AppDelegate.swift */; };
		2CFE04CF1F79E02800184144 /* ViewController.swift in Sources */ = {isa = PBXBuildFile; fileRef = 2CFE04CE1F79E02800184144 /* ViewController.swift */; };
		2CFE04D21F79E02800184144 /* Main.storyboard in Resources */ = {isa = PBXBuildFile; fileRef = 2CFE04D01F79E02800184144 /* Main.storyboard */; };
		2CFE04D41F79E02800184144 /* Assets.xcassets in Resources */ = {isa = PBXBuildFile; fileRef = 2CFE04D31F79E02800184144 /* Assets.xcassets */; };
		2CFE04D71F79E02800184144 /* LaunchScreen.storyboard in Resources */ = {isa = PBXBuildFile; fileRef = 2CFE04D51F79E02800184144 /* LaunchScreen.storyboard */; };
		2CFE04DF1F79E9F400184144 /* Model.swift in Sources */ = {isa = PBXBuildFile; fileRef = 2CFE04DE1F79E9F400184144 /* Model.swift */; };
		9F6930701F79F9D800F4A5E1 /* MyModel.swift in Sources */ = {isa = PBXBuildFile; fileRef = 9F69306F1F79F9D800F4A5E1 /* MyModel.swift */; };
/* End PBXBuildFile section */

/* Begin PBXFileReference section */
		2CFE04C91F79E02800184144 /* FillMyDetail.app */ = {isa = PBXFileReference; explicitFileType = wrapper.application; includeInIndex = 0; path = FillMyDetail.app; sourceTree = BUILT_PRODUCTS_DIR; };
		2CFE04CC1F79E02800184144 /* AppDelegate.swift */ = {isa = PBXFileReference; lastKnownFileType = sourcecode.swift; path = AppDelegate.swift; sourceTree = "<group>"; };
		2CFE04CE1F79E02800184144 /* ViewController.swift */ = {isa = PBXFileReference; lastKnownFileType = sourcecode.swift; path = ViewController.swift; sourceTree = "<group>"; };
		2CFE04D11F79E02800184144 /* Base */ = {isa = PBXFileReference; lastKnownFileType = file.storyboard; name = Base; path = Base.lproj/Main.storyboard; sourceTree = "<group>"; };
		2CFE04D31F79E02800184144 /* Assets.xcassets */ = {isa = PBXFileReference; lastKnownFileType = folder.assetcatalog; path = Assets.xcassets; sourceTree = "<group>"; };
		2CFE04D61F79E02800184144 /* Base */ = {isa = PBXFileReference; lastKnownFileType = file.storyboard; name = Base; path = Base.lproj/LaunchScreen.storyboard; sourceTree = "<group>"; };
		2CFE04D81F79E02900184144 /* Info.plist */ = {isa = PBXFileReference; lastKnownFileType = text.plist.xml; path = Info.plist; sourceTree = "<group>"; };
		2CFE04DE1F79E9F400184144 /* Model.swift */ = {isa = PBXFileReference; lastKnownFileType = sourcecode.swift; path = Model.swift; sourceTree = "<group>"; };
		9F69306F1F79F9D800F4A5E1 /* MyModel.swift */ = {isa = PBXFileReference; lastKnownFileType = sourcecode.swift; path = MyModel.swift; sourceTree = "<group>"; };
/* End PBXFileReference section */

/* Begin PBXFrameworksBuildPhase section */
		2CFE04C61F79E02800184144 /* Frameworks */ = {
			isa = PBXFrameworksBuildPhase;
			buildActionMask = 2147483647;
			files = (
			);
			runOnlyForDeploymentPostprocessing = 0;
		};
/* End PBXFrameworksBuildPhase section */

/* Begin PBXGroup section */
		2CFE04C01F79E02800184144 = {
			isa = PBXGroup;
			children = (
				2CFE04CB1F79E02800184144 /* FillMyDetail */,
				2CFE04CA1F79E02800184144 /* Products */,
			);
			sourceTree = "<group>";
		};
		2CFE04CA1F79E02800184144 /* Products */ = {
			isa = PBXGroup;
			children = (
				2CFE04C91F79E02800184144 /* FillMyDetail.app */,
			);
			name = Products;
			sourceTree = "<group>";
		};
		2CFE04CB1F79E02800184144 /* FillMyDetail */ = {
			isa = PBXGroup;
			children = (
				2CFE04CC1F79E02800184144 /* AppDelegate.swift */,
				2CFE04CE1F79E02800184144 /* ViewController.swift */,
				2CFE04D01F79E02800184144 /* Main.storyboard */,
				2CFE04DE1F79E9F400184144 /* Model.swift */,
				9F69306F1F79F9D800F4A5E1 /* MyModel.swift */,
				2CFE04D31F79E02800184144 /* Assets.xcassets */,
				2CFE04D51F79E02800184144 /* LaunchScreen.storyboard */,
				2CFE04D81F79E02900184144 /* Info.plist */,
			);
			path = FillMyDetail;
			sourceTree = "<group>";
		};
/* End PBXGroup section */

/* Begin PBXNativeTarget section */
		2CFE04C81F79E02800184144 /* FillMyDetail */ = {
			isa = PBXNativeTarget;
			buildConfigurationList = 2CFE04DB1F79E02900184144 /* Build configuration list for PBXNativeTarget "FillMyDetail" */;
			buildPhases = (
				2CFE04C51F79E02800184144 /* Sources */,
				2CFE04C61F79E02800184144 /* Frameworks */,
				2CFE04C71F79E02800184144 /* Resources */,
			);
			buildRules = (
			);
			dependencies = (
			);
			name = FillMyDetail;
			productName = FillMyDetail;
			productReference = 2CFE04C91F79E02800184144 /* FillMyDetail.app */;
			productType = "com.apple.product-type.application";
		};
/* End PBXNativeTarget section */

/* Begin PBXProject section */
		2CFE04C11F79E02800184144 /* Project object */ = {
			isa = PBXProject;
			attributes = {
				LastSwiftUpdateCheck = 0900;
				LastUpgradeCheck = 0900;
				ORGANIZATIONNAME = LingoStar;
				TargetAttributes = {
					2CFE04C81F79E02800184144 = {
						CreatedOnToolsVersion = 9.0;
						ProvisioningStyle = Automatic;
					};
				};
			};
			buildConfigurationList = 2CFE04C41F79E02800184144 /* Build configuration list for PBXProject "FillMyDetail" */;
			compatibilityVersion = "Xcode 8.0";
			developmentRegion = en;
			hasScannedForEncodings = 0;
			knownRegions = (
				en,
				Base,
			);
			mainGroup = 2CFE04C01F79E02800184144;
			productRefGroup = 2CFE04CA1F79E02800184144 /* Products */;
			projectDirPath = "";
			projectRoot = "";
			targets = (
				2CFE04C81F79E02800184144 /* FillMyDetail */,
			);
		};
/* End PBXProject section */

/* Begin PBXResourcesBuildPhase section */
		2CFE04C71F79E02800184144 /* Resources */ = {
			isa = PBXResourcesBuildPhase;
			buildActionMask = 2147483647;
			files = (
				2CFE04D71F79E02800184144 /* LaunchScreen.storyboard in Resources */,
				2CFE04D41F79E02800184144 /* Assets.xcassets in Resources */,
				2CFE04D21F79E02800184144 /* Main.storyboard in Resources */,
			);
			runOnlyForDeploymentPostprocessing = 0;
		};
/* End PBXResourcesBuildPhase section */

/* Begin PBXSourcesBuildPhase section */
		2CFE04C51F79E02800184144 /* Sources */ = {
			isa = PBXSourcesBuildPhase;
			buildActionMask = 2147483647;
			files = (
				2CFE04DF1F79E9F400184144 /* Model.swift in Sources */,
				2CFE04CF1F79E02800184144 /* ViewController.swift in Sources */,
				2CFE04CD1F79E02800184144 /* AppDelegate.swift in Sources */,
				9F6930701F79F9D800F4A5E1 /* MyModel.swift in Sources */,
			);
			runOnlyForDeploymentPostprocessing = 0;
		};
/* End PBXSourcesBuildPhase section */

/* Begin PBXVariantGroup section */
		2CFE04D01F79E02800184144 /* Main.storyboard */ = {
			isa = PBXVariantGroup;
			children = (
				2CFE04D11F79E02800184144 /* Base */,
			);
			name = Main.storyboard;
			sourceTree = "<group>";
		};
		2CFE04D51F79E02800184144 /* LaunchScreen.storyboard */ = {
			isa = PBXVariantGroup;
			children = (
				2CFE04D61F79E02800184144 /* Base */,
			);
			name = LaunchScreen.storyboard;
			sourceTree = "<group>";
		};
/* End PBXVariantGroup section */

/* Begin XCBuildConfiguration section */
		2CFE04D91F79E02900184144 /* Debug */ = {
			isa = XCBuildConfiguration;
			buildSettings = {
				ALWAYS_SEARCH_USER_PATHS = NO;
				CLANG_ANALYZER_NONNULL = YES;
				CLANG_ANALYZER_NUMBER_OBJECT_CONVERSION = YES_AGGRESSIVE;
				CLANG_CXX_LANGUAGE_STANDARD = "gnu++14";
				CLANG_CXX_LIBRARY = "libc++";
				CLANG_ENABLE_MODULES = YES;
				CLANG_ENABLE_OBJC_ARC = YES;
				CLANG_WARN_BLOCK_CAPTURE_AUTORELEASING = YES;
				CLANG_WARN_BOOL_CONVERSION = YES;
				CLANG_WARN_COMMA = YES;
				CLANG_WARN_CONSTANT_CONVERSION = YES;
				CLANG_WARN_DIRECT_OBJC_ISA_USAGE = YES_ERROR;
				CLANG_WARN_DOCUMENTATION_COMMENTS = YES;
				CLANG_WARN_EMPTY_BODY = YES;
				CLANG_WARN_ENUM_CONVERSION = YES;
				CLANG_WARN_INFINITE_RECURSION = YES;
				CLANG_WARN_INT_CONVERSION = YES;
				CLANG_WARN_NON_LITERAL_NULL_CONVERSION = YES;
				CLANG_WARN_OBJC_LITERAL_CONVERSION = YES;
				CLANG_WARN_OBJC_ROOT_CLASS = YES_ERROR;
				CLANG_WARN_RANGE_LOOP_ANALYSIS = YES;
				CLANG_WARN_STRICT_PROTOTYPES = YES;
				CLANG_WARN_SUSPICIOUS_MOVE = YES;
				CLANG_WARN_UNGUARDED_AVAILABILITY = YES_AGGRESSIVE;
				CLANG_WARN_UNREACHABLE_CODE = YES;
				CLANG_WARN__DUPLICATE_METHOD_MATCH = YES;
				CODE_SIGN_IDENTITY = "iPhone Developer";
				COPY_PHASE_STRIP = NO;
				DEBUG_INFORMATION_FORMAT = dwarf;
				ENABLE_STRICT_OBJC_MSGSEND = YES;
				ENABLE_TESTABILITY = YES;
				GCC_C_LANGUAGE_STANDARD = gnu11;
				GCC_DYNAMIC_NO_PIC = NO;
				GCC_NO_COMMON_BLOCKS = YES;
				GCC_OPTIMIZATION_LEVEL = 0;
				GCC_PREPROCESSOR_DEFINITIONS = (
					"DEBUG=1",
					"$(inherited)",
				);
				GCC_WARN_64_TO_32_BIT_CONVERSION = YES;
				GCC_WARN_ABOUT_RETURN_TYPE = YES_ERROR;
				GCC_WARN_UNDECLARED_SELECTOR = YES;
				GCC_WARN_UNINITIALIZED_AUTOS = YES_AGGRESSIVE;
				GCC_WARN_UNUSED_FUNCTION = YES;
				GCC_WARN_UNUSED_VARIABLE = YES;
				IPHONEOS_DEPLOYMENT_TARGET = 11.0;
				MTL_ENABLE_DEBUG_INFO = YES;
				ONLY_ACTIVE_ARCH = YES;
				SDKROOT = iphoneos;
				SWIFT_ACTIVE_COMPILATION_CONDITIONS = DEBUG;
				SWIFT_OPTIMIZATION_LEVEL = "-Onone";
			};
			name = Debug;
		};
		2CFE04DA1F79E02900184144 /* Release */ = {
			isa = XCBuildConfiguration;
			buildSettings = {
				ALWAYS_SEARCH_USER_PATHS = NO;
				CLANG_ANALYZER_NONNULL = YES;
				CLANG_ANALYZER_NUMBER_OBJECT_CONVERSION = YES_AGGRESSIVE;
				CLANG_CXX_LANGUAGE_STANDARD = "gnu++14";
				CLANG_CXX_LIBRARY = "libc++";
				CLANG_ENABLE_MODULES = YES;
				CLANG_ENABLE_OBJC_ARC = YES;
				CLANG_WARN_BLOCK_CAPTURE_AUTORELEASING = YES;
				CLANG_WARN_BOOL_CONVERSION = YES;
				CLANG_WARN_COMMA = YES;
				CLANG_WARN_CONSTANT_CONVERSION = YES;
				CLANG_WARN_DIRECT_OBJC_ISA_USAGE = YES_ERROR;
				CLANG_WARN_DOCUMENTATION_COMMENTS = YES;
				CLANG_WARN_EMPTY_BODY = YES;
				CLANG_WARN_ENUM_CONVERSION = YES;
				CLANG_WARN_INFINITE_RECURSION = YES;
				CLANG_WARN_INT_CONVERSION = YES;
				CLANG_WARN_NON_LITERAL_NULL_CONVERSION = YES;
				CLANG_WARN_OBJC_LITERAL_CONVERSION = YES;
				CLANG_WARN_OBJC_ROOT_CLASS = YES_ERROR;
				CLANG_WARN_RANGE_LOOP_ANALYSIS = YES;
				CLANG_WARN_STRICT_PROTOTYPES = YES;
				CLANG_WARN_SUSPICIOUS_MOVE = YES;
				CLANG_WARN_UNGUARDED_AVAILABILITY = YES_AGGRESSIVE;
				CLANG_WARN_UNREACHABLE_CODE = YES;
				CLANG_WARN__DUPLICATE_METHOD_MATCH = YES;
				CODE_SIGN_IDENTITY = "iPhone Developer";
				COPY_PHASE_STRIP = NO;
				DEBUG_INFORMATION_FORMAT = "dwarf-with-dsym";
				ENABLE_NS_ASSERTIONS = NO;
				ENABLE_STRICT_OBJC_MSGSEND = YES;
				GCC_C_LANGUAGE_STANDARD = gnu11;
				GCC_NO_COMMON_BLOCKS = YES;
				GCC_WARN_64_TO_32_BIT_CONVERSION = YES;
				GCC_WARN_ABOUT_RETURN_TYPE = YES_ERROR;
				GCC_WARN_UNDECLARED_SELECTOR = YES;
				GCC_WARN_UNINITIALIZED_AUTOS = YES_AGGRESSIVE;
				GCC_WARN_UNUSED_FUNCTION = YES;
				GCC_WARN_UNUSED_VARIABLE = YES;
				IPHONEOS_DEPLOYMENT_TARGET = 11.0;
				MTL_ENABLE_DEBUG_INFO = NO;
				SDKROOT = iphoneos;
				SWIFT_OPTIMIZATION_LEVEL = "-Owholemodule";
				VALIDATE_PRODUCT = YES;
			};
			name = Release;
		};
		2CFE04DC1F79E02900184144 /* Debug */ = {
			isa = XCBuildConfiguration;
			buildSettings = {
				ASSETCATALOG_COMPILER_APPICON_NAME = AppIcon;
				CODE_SIGN_STYLE = Automatic;
				INFOPLIST_FILE = FillMyDetail/Info.plist;
				LD_RUNPATH_SEARCH_PATHS = "$(inherited) @executable_path/Frameworks";
				PRODUCT_BUNDLE_IDENTIFIER = com.codershigh.FillMyDetail;
				PRODUCT_NAME = "$(TARGET_NAME)";
				SWIFT_VERSION = 4.0;
				TARGETED_DEVICE_FAMILY = "1,2";
			};
			name = Debug;
		};
		2CFE04DD1F79E02900184144 /* Release */ = {
			isa = XCBuildConfiguration;
			buildSettings = {
				ASSETCATALOG_COMPILER_APPICON_NAME = AppIcon;
				CODE_SIGN_STYLE = Automatic;
				INFOPLIST_FILE = FillMyDetail/Info.plist;
				LD_RUNPATH_SEARCH_PATHS = "$(inherited) @executable_path/Frameworks";
				PRODUCT_BUNDLE_IDENTIFIER = com.codershigh.FillMyDetail;
				PRODUCT_NAME = "$(TARGET_NAME)";
				SWIFT_VERSION = 4.0;
				TARGETED_DEVICE_FAMILY = "1,2";
			};
			name = Release;
		};
/* End XCBuildConfiguration section */

/* Begin XCConfigurationList section */
		2CFE04C41F79E02800184144 /* Build configuration list for PBXProject "FillMyDetail" */ = {
			isa = XCConfigurationList;
			buildConfigurations = (
				2CFE04D91F79E02900184144 /* Debug */,
				2CFE04DA1F79E02900184144 /* Release */,
			);
			defaultConfigurationIsVisible = 0;
			defaultConfigurationName = Release;
		};
		2CFE04DB1F79E02900184144 /* Build configuration list for PBXNativeTarget "FillMyDetail" */ = {
			isa = XCConfigurationList;
			buildConfigurations = (
				2CFE04DC1F79E02900184144 /* Debug */,
				2CFE04DD1F79E02900184144 /* Release */,
			);
			defaultConfigurationIsVisible = 0;
			defaultConfigurationName = Release;
		};
/* End XCConfigurationList section */
	};
	rootObject = 2CFE04C11F79E02800184144 /* Project object */;
}
