// !$*UTF8*$!
{
	archiveVersion = 1;
	classes = {
	};
	objectVersion = 48;
	objects = {

/* Begin PBXBuildFile section */
		1A18CFD01F79E9F500508B1C /* model.swift in Sources */ = {isa = PBXBuildFile; fileRef = 1A18CFCF1F79E9F500508B1C /* model.swift */; };
		1A7EC3141F79E03800F1DFA9 /* AppDelegate.swift in Sources */ = {isa = PBXBuildFile; fileRef = 1A7EC3131F79E03800F1DFA9 /* AppDelegate.swift */; };
		1A7EC3161F79E03800F1DFA9 /* ViewController.swift in Sources */ = {isa = PBXBuildFile; fileRef = 1A7EC3151F79E03800F1DFA9 /* ViewController.swift */; };
		1A7EC3191F79E03800F1DFA9 /* Main.storyboard in Resources */ = {isa = PBXBuildFile; fileRef = 1A7EC3171F79E03800F1DFA9 /* Main.storyboard */; };
		1A7EC31B1F79E03800F1DFA9 /* Assets.xcassets in Resources */ = {isa = PBXBuildFile; fileRef = 1A7EC31A1F79E03800F1DFA9 /* Assets.xcassets */; };
		1A7EC31E1F79E03800F1DFA9 /* LaunchScreen.storyboard in Resources */ = {isa = PBXBuildFile; fileRef = 1A7EC31C1F79E03800F1DFA9 /* LaunchScreen.storyboard */; };
/* End PBXBuildFile section */

/* Begin PBXFileReference section */
		1A18CFCF1F79E9F500508B1C /* model.swift */ = {isa = PBXFileReference; lastKnownFileType = sourcecode.swift; path = model.swift; sourceTree = "<group>"; };
		1A7EC3101F79E03800F1DFA9 /* FillMyDetail.app */ = {isa = PBXFileReference; explicitFileType = wrapper.application; includeInIndex = 0; path = FillMyDetail.app; sourceTree = BUILT_PRODUCTS_DIR; };
		1A7EC3131F79E03800F1DFA9 /* AppDelegate.swift */ = {isa = PBXFileReference; lastKnownFileType = sourcecode.swift; path = AppDelegate.swift; sourceTree = "<group>"; };
		1A7EC3151F79E03800F1DFA9 /* ViewController.swift */ = {isa = PBXFileReference; lastKnownFileType = sourcecode.swift; path = ViewController.swift; sourceTree = "<group>"; };
		1A7EC3181F79E03800F1DFA9 /* Base */ = {isa = PBXFileReference; lastKnownFileType = file.storyboard; name = Base; path = Base.lproj/Main.storyboard; sourceTree = "<group>"; };
		1A7EC31A1F79E03800F1DFA9 /* Assets.xcassets */ = {isa = PBXFileReference; lastKnownFileType = folder.assetcatalog; path = Assets.xcassets; sourceTree = "<group>"; };
		1A7EC31D1F79E03800F1DFA9 /* Base */ = {isa = PBXFileReference; lastKnownFileType = file.storyboard; name = Base; path = Base.lproj/LaunchScreen.storyboard; sourceTree = "<group>"; };
		1A7EC31F1F79E03800F1DFA9 /* Info.plist */ = {isa = PBXFileReference; lastKnownFileType = text.plist.xml; path = Info.plist; sourceTree = "<group>"; };
/* End PBXFileReference section */

/* Begin PBXFrameworksBuildPhase section */
		1A7EC30D1F79E03800F1DFA9 /* Frameworks */ = {
			isa = PBXFrameworksBuildPhase;
			buildActionMask = 2147483647;
			files = (
			);
			runOnlyForDeploymentPostprocessing = 0;
		};
/* End PBXFrameworksBuildPhase section */

/* Begin PBXGroup section */
		1A7EC3071F79E03800F1DFA9 = {
			isa = PBXGroup;
			children = (
				1A7EC3121F79E03800F1DFA9 /* FillMyDetail */,
				1A7EC3111F79E03800F1DFA9 /* Products */,
			);
			sourceTree = "<group>";
		};
		1A7EC3111F79E03800F1DFA9 /* Products */ = {
			isa = PBXGroup;
			children = (
				1A7EC3101F79E03800F1DFA9 /* FillMyDetail.app */,
			);
			name = Products;
			sourceTree = "<group>";
		};
		1A7EC3121F79E03800F1DFA9 /* FillMyDetail */ = {
			isa = PBXGroup;
			children = (
				1A7EC3131F79E03800F1DFA9 /* AppDelegate.swift */,
				1A7EC3151F79E03800F1DFA9 /* ViewController.swift */,
				1A7EC3171F79E03800F1DFA9 /* Main.storyboard */,
				1A18CFCF1F79E9F500508B1C /* model.swift */,
				1A7EC31A1F79E03800F1DFA9 /* Assets.xcassets */,
				1A7EC31C1F79E03800F1DFA9 /* LaunchScreen.storyboard */,
				1A7EC31F1F79E03800F1DFA9 /* Info.plist */,
			);
			path = FillMyDetail;
			sourceTree = "<group>";
		};
/* End PBXGroup section */

/* Begin PBXNativeTarget section */
		1A7EC30F1F79E03800F1DFA9 /* FillMyDetail */ = {
			isa = PBXNativeTarget;
			buildConfigurationList = 1A7EC3221F79E03800F1DFA9 /* Build configuration list for PBXNativeTarget "FillMyDetail" */;
			buildPhases = (
				1A7EC30C1F79E03800F1DFA9 /* Sources */,
				1A7EC30D1F79E03800F1DFA9 /* Frameworks */,
				1A7EC30E1F79E03800F1DFA9 /* Resources */,
			);
			buildRules = (
			);
			dependencies = (
			);
			name = FillMyDetail;
			productName = FillMyDetail;
			productReference = 1A7EC3101F79E03800F1DFA9 /* FillMyDetail.app */;
			productType = "com.apple.product-type.application";
		};
/* End PBXNativeTarget section */

/* Begin PBXProject section */
		1A7EC3081F79E03800F1DFA9 /* Project object */ = {
			isa = PBXProject;
			attributes = {
				LastSwiftUpdateCheck = 0900;
				LastUpgradeCheck = 0900;
				ORGANIZATIONNAME = seokminchang;
				TargetAttributes = {
					1A7EC30F1F79E03800F1DFA9 = {
						CreatedOnToolsVersion = 9.0;
						ProvisioningStyle = Automatic;
					};
				};
			};
			buildConfigurationList = 1A7EC30B1F79E03800F1DFA9 /* Build configuration list for PBXProject "FillMyDetail" */;
			compatibilityVersion = "Xcode 8.0";
			developmentRegion = en;
			hasScannedForEncodings = 0;
			knownRegions = (
				en,
				Base,
			);
			mainGroup = 1A7EC3071F79E03800F1DFA9;
			productRefGroup = 1A7EC3111F79E03800F1DFA9 /* Products */;
			projectDirPath = "";
			projectRoot = "";
			targets = (
				1A7EC30F1F79E03800F1DFA9 /* FillMyDetail */,
			);
		};
/* End PBXProject section */

/* Begin PBXResourcesBuildPhase section */
		1A7EC30E1F79E03800F1DFA9 /* Resources */ = {
			isa = PBXResourcesBuildPhase;
			buildActionMask = 2147483647;
			files = (
				1A7EC31E1F79E03800F1DFA9 /* LaunchScreen.storyboard in Resources */,
				1A7EC31B1F79E03800F1DFA9 /* Assets.xcassets in Resources */,
				1A7EC3191F79E03800F1DFA9 /* Main.storyboard in Resources */,
			);
			runOnlyForDeploymentPostprocessing = 0;
		};
/* End PBXResourcesBuildPhase section */

/* Begin PBXSourcesBuildPhase section */
		1A7EC30C1F79E03800F1DFA9 /* Sources */ = {
			isa = PBXSourcesBuildPhase;
			buildActionMask = 2147483647;
			files = (
				1A7EC3161F79E03800F1DFA9 /* ViewController.swift in Sources */,
				1A18CFD01F79E9F500508B1C /* model.swift in Sources */,
				1A7EC3141F79E03800F1DFA9 /* AppDelegate.swift in Sources */,
			);
			runOnlyForDeploymentPostprocessing = 0;
		};
/* End PBXSourcesBuildPhase section */

/* Begin PBXVariantGroup section */
		1A7EC3171F79E03800F1DFA9 /* Main.storyboard */ = {
			isa = PBXVariantGroup;
			children = (
				1A7EC3181F79E03800F1DFA9 /* Base */,
			);
			name = Main.storyboard;
			sourceTree = "<group>";
		};
		1A7EC31C1F79E03800F1DFA9 /* LaunchScreen.storyboard */ = {
			isa = PBXVariantGroup;
			children = (
				1A7EC31D1F79E03800F1DFA9 /* Base */,
			);
			name = LaunchScreen.storyboard;
			sourceTree = "<group>";
		};
/* End PBXVariantGroup section */

/* Begin XCBuildConfiguration section */
		1A7EC3201F79E03800F1DFA9 /* Debug */ = {
			isa = XCBuildConfiguration;
			buildSettings = {
				ALWAYS_SEARCH_USER_PATHS = NO;
				CLANG_ANALYZER_NONNULL = YES;
				CLANG_ANALYZER_NUMBER_OBJECT_CONVERSION = YES_AGGRESSIVE;
				CLANG_CXX_LANGUAGE_STANDARD = "gnu++14";
				CLANG_CXX_LIBRARY = "libc++";
				CLANG_ENABLE_MODULES = YES;
				CLANG_ENABLE_OBJC_ARC = YES;
				CLANG_WARN_BLOCK_CAPTURE_AUTORELEASING = YES;
				CLANG_WARN_BOOL_CONVERSION = YES;
				CLANG_WARN_COMMA = YES;
				CLANG_WARN_CONSTANT_CONVERSION = YES;
				CLANG_WARN_DIRECT_OBJC_ISA_USAGE = YES_ERROR;
				CLANG_WARN_DOCUMENTATION_COMMENTS = YES;
				CLANG_WARN_EMPTY_BODY = YES;
				CLANG_WARN_ENUM_CONVERSION = YES;
				CLANG_WARN_INFINITE_RECURSION = YES;
				CLANG_WARN_INT_CONVERSION = YES;
				CLANG_WARN_NON_LITERAL_NULL_CONVERSION = YES;
				CLANG_WARN_OBJC_LITERAL_CONVERSION = YES;
				CLANG_WARN_OBJC_ROOT_CLASS = YES_ERROR;
				CLANG_WARN_RANGE_LOOP_ANALYSIS = YES;
				CLANG_WARN_STRICT_PROTOTYPES = YES;
				CLANG_WARN_SUSPICIOUS_MOVE = YES;
				CLANG_WARN_UNGUARDED_AVAILABILITY = YES_AGGRESSIVE;
				CLANG_WARN_UNREACHABLE_CODE = YES;
				CLANG_WARN__DUPLICATE_METHOD_MATCH = YES;
				CODE_SIGN_IDENTITY = "iPhone Developer";
				COPY_PHASE_STRIP = NO;
				DEBUG_INFORMATION_FORMAT = dwarf;
				ENABLE_STRICT_OBJC_MSGSEND = YES;
				ENABLE_TESTABILITY = YES;
				GCC_C_LANGUAGE_STANDARD = gnu11;
				GCC_DYNAMIC_NO_PIC = NO;
				GCC_NO_COMMON_BLOCKS = YES;
				GCC_OPTIMIZATION_LEVEL = 0;
				GCC_PREPROCESSOR_DEFINITIONS = (
					"DEBUG=1",
					"$(inherited)",
				);
				GCC_WARN_64_TO_32_BIT_CONVERSION = YES;
				GCC_WARN_ABOUT_RETURN_TYPE = YES_ERROR;
				GCC_WARN_UNDECLARED_SELECTOR = YES;
				GCC_WARN_UNINITIALIZED_AUTOS = YES_AGGRESSIVE;
				GCC_WARN_UNUSED_FUNCTION = YES;
				GCC_WARN_UNUSED_VARIABLE = YES;
				IPHONEOS_DEPLOYMENT_TARGET = 11.0;
				MTL_ENABLE_DEBUG_INFO = YES;
				ONLY_ACTIVE_ARCH = YES;
				SDKROOT = iphoneos;
				SWIFT_ACTIVE_COMPILATION_CONDITIONS = DEBUG;
				SWIFT_OPTIMIZATION_LEVEL = "-Onone";
			};
			name = Debug;
		};
		1A7EC3211F79E03800F1DFA9 /* Release */ = {
			isa = XCBuildConfiguration;
			buildSettings = {
				ALWAYS_SEARCH_USER_PATHS = NO;
				CLANG_ANALYZER_NONNULL = YES;
				CLANG_ANALYZER_NUMBER_OBJECT_CONVERSION = YES_AGGRESSIVE;
				CLANG_CXX_LANGUAGE_STANDARD = "gnu++14";
				CLANG_CXX_LIBRARY = "libc++";
				CLANG_ENABLE_MODULES = YES;
				CLANG_ENABLE_OBJC_ARC = YES;
				CLANG_WARN_BLOCK_CAPTURE_AUTORELEASING = YES;
				CLANG_WARN_BOOL_CONVERSION = YES;
				CLANG_WARN_COMMA = YES;
				CLANG_WARN_CONSTANT_CONVERSION = YES;
				CLANG_WARN_DIRECT_OBJC_ISA_USAGE = YES_ERROR;
				CLANG_WARN_DOCUMENTATION_COMMENTS = YES;
				CLANG_WARN_EMPTY_BODY = YES;
				CLANG_WARN_ENUM_CONVERSION = YES;
				CLANG_WARN_INFINITE_RECURSION = YES;
				CLANG_WARN_INT_CONVERSION = YES;
				CLANG_WARN_NON_LITERAL_NULL_CONVERSION = YES;
				CLANG_WARN_OBJC_LITERAL_CONVERSION = YES;
				CLANG_WARN_OBJC_ROOT_CLASS = YES_ERROR;
				CLANG_WARN_RANGE_LOOP_ANALYSIS = YES;
				CLANG_WARN_STRICT_PROTOTYPES = YES;
				CLANG_WARN_SUSPICIOUS_MOVE = YES;
				CLANG_WARN_UNGUARDED_AVAILABILITY = YES_AGGRESSIVE;
				CLANG_WARN_UNREACHABLE_CODE = YES;
				CLANG_WARN__DUPLICATE_METHOD_MATCH = YES;
				CODE_SIGN_IDENTITY = "iPhone Developer";
				COPY_PHASE_STRIP = NO;
				DEBUG_INFORMATION_FORMAT = "dwarf-with-dsym";
				ENABLE_NS_ASSERTIONS = NO;
				ENABLE_STRICT_OBJC_MSGSEND = YES;
				GCC_C_LANGUAGE_STANDARD = gnu11;
				GCC_NO_COMMON_BLOCKS = YES;
				GCC_WARN_64_TO_32_BIT_CONVERSION = YES;
				GCC_WARN_ABOUT_RETURN_TYPE = YES_ERROR;
				GCC_WARN_UNDECLARED_SELECTOR = YES;
				GCC_WARN_UNINITIALIZED_AUTOS = YES_AGGRESSIVE;
				GCC_WARN_UNUSED_FUNCTION = YES;
				GCC_WARN_UNUSED_VARIABLE = YES;
				IPHONEOS_DEPLOYMENT_TARGET = 11.0;
				MTL_ENABLE_DEBUG_INFO = NO;
				SDKROOT = iphoneos;
				SWIFT_OPTIMIZATION_LEVEL = "-Owholemodule";
				VALIDATE_PRODUCT = YES;
			};
			name = Release;
		};
		1A7EC3231F79E03800F1DFA9 /* Debug */ = {
			isa = XCBuildConfiguration;
			buildSettings = {
				ASSETCATALOG_COMPILER_APPICON_NAME = AppIcon;
				CODE_SIGN_STYLE = Automatic;
				INFOPLIST_FILE = FillMyDetail/Info.plist;
				LD_RUNPATH_SEARCH_PATHS = "$(inherited) @executable_path/Frameworks";
				PRODUCT_BUNDLE_IDENTIFIER = seokminchang.FillMyDetail;
				PRODUCT_NAME = "$(TARGET_NAME)";
				SWIFT_VERSION = 4.0;
				TARGETED_DEVICE_FAMILY = "1,2";
			};
			name = Debug;
		};
		1A7EC3241F79E03800F1DFA9 /* Release */ = {
			isa = XCBuildConfiguration;
			buildSettings = {
				ASSETCATALOG_COMPILER_APPICON_NAME = AppIcon;
				CODE_SIGN_STYLE = Automatic;
				INFOPLIST_FILE = FillMyDetail/Info.plist;
				LD_RUNPATH_SEARCH_PATHS = "$(inherited) @executable_path/Frameworks";
				PRODUCT_BUNDLE_IDENTIFIER = seokminchang.FillMyDetail;
				PRODUCT_NAME = "$(TARGET_NAME)";
				SWIFT_VERSION = 4.0;
				TARGETED_DEVICE_FAMILY = "1,2";
			};
			name = Release;
		};
/* End XCBuildConfiguration section */

/* Begin XCConfigurationList section */
		1A7EC30B1F79E03800F1DFA9 /* Build configuration list for PBXProject "FillMyDetail" */ = {
			isa = XCConfigurationList;
			buildConfigurations = (
				1A7EC3201F79E03800F1DFA9 /* Debug */,
				1A7EC3211F79E03800F1DFA9 /* Release */,
			);
			defaultConfigurationIsVisible = 0;
			defaultConfigurationName = Release;
		};
		1A7EC3221F79E03800F1DFA9 /* Build configuration list for PBXNativeTarget "FillMyDetail" */ = {
			isa = XCConfigurationList;
			buildConfigurations = (
				1A7EC3231F79E03800F1DFA9 /* Debug */,
				1A7EC3241F79E03800F1DFA9 /* Release */,
			);
			defaultConfigurationIsVisible = 0;
			defaultConfigurationName = Release;
		};
/* End XCConfigurationList section */
	};
	rootObject = 1A7EC3081F79E03800F1DFA9 /* Project object */;
}
